
Microsoft Visual Studio Solution File, Format Version 12.00
# Visual Studio 15
Project("{FAE04EC0-301F-11D3-BF4B-00C04F79EFBC}") = "TemperatureConverter", "TemperatureConverter\TemperatureConverter.csproj", "{C3E66420-5E79-4BFF-9F78-9A6A2BE060CA}"
EndProject
Global
	GlobalSection(SolutionConfigurationPlatforms) = preSolution
		Debug|Any CPU = Debug|Any CPU
		Release|Any CPU = Release|Any CPU
	EndGlobalSection
	GlobalSection(ProjectConfigurationPlatforms) = postSolution
		{C3E66420-5E79-4BFF-9F78-9A6A2BE060CA}.Debug|Any CPU.ActiveCfg = Debug|Any CPU
		{C3E66420-5E79-4BFF-9F78-9A6A2BE060CA}.Debug|Any CPU.Build.0 = Debug|Any CPU
		{C3E66420-5E79-4BFF-9F78-9A6A2BE060CA}.Release|Any CPU.ActiveCfg = Release|Any CPU
		{C3E66420-5E79-4BFF-9F78-9A6A2BE060CA}.Release|Any CPU.Build.0 = Release|Any CPU
	EndGlobalSection
EndGlobal
